{
  "name": "contact-list-app",
  "version": "1.0.0",
  "lockfileVersion": 3,
  "requires": true,
  "packages": {
    "": {
      "name": "contact-list-app",
      "version": "1.0.0",
      "license": "ISC",
      "devDependencies": {
        "@playwright/test": "^1.45.0",
        "@types/node": "^20.14.9"
      }
    },
    "node_modules/@playwright/test": {
      "version": "1.45.0",
      "resolved": "https://artifactory.therapbd.net:443/artifactory/api/npm/npm-repos/@playwright/test/-/test-1.45.0.tgz",
      "integrity": "sha1-eQpmFlpGRmwNcJndJgiBgC9aun4=",
      "dev": true,
      "license": "Apache-2.0",
      "dependencies": {
        "playwright": "1.45.0"
      },
      "bin": {
        "playwright": "cli.js"
      },
      "engines": {
        "node": ">=18"
      }
    },
    "node_modules/@types/node": {
      "version": "20.14.9",
      "resolved": "https://artifactory.therapbd.net:443/artifactory/api/npm/npm-repos/@types/node/-/node-20.14.9.tgz",
      "integrity": "sha1-EujnZasn+MQhoYIMmfXzE6kztCA=",
      "dev": true,
      "license": "MIT",
      "dependencies": {
        "undici-types": "~5.26.4"
      }
    },
    "node_modules/fsevents": {
      "version": "2.3.2",
      "resolved": "https://artifactory.therapbd.net:443/artifactory/api/npm/npm-repos/fsevents/-/fsevents-2.3.2.tgz",
      "integrity": "sha1-ilJveLj99GI7cJ4Ll1xSwkwC/Ro=",
      "dev": true,
      "hasInstallScript": true,
      "license": "MIT",
      "optional": true,
      "os": [
        "darwin"
      ],
      "engines": {
        "node": "^8.16.0 || ^10.6.0 || >=11.0.0"
      }
    },
    "node_modules/playwright": {
      "version": "1.45.0",
      "resolved": "https://artifactory.therapbd.net:443/artifactory/api/npm/npm-repos/playwright/-/playwright-1.45.0.tgz",
      "integrity": "sha1-QAxwnGRDhpDxNwXLnIjvkwicXCc=",
      "dev": true,
      "license": "Apache-2.0",
      "dependencies": {
        "playwright-core": "1.45.0"
      },
      "bin": {
        "playwright": "cli.js"
      },
      "engines": {
        "node": ">=18"
      },
      "optionalDependencies": {
        "fsevents": "2.3.2"
      }
    },
    "node_modules/playwright-core": {
      "version": "1.45.0",
      "resolved": "https://artifactory.therapbd.net:443/artifactory/api/npm/npm-repos/playwright-core/-/playwright-core-1.45.0.tgz",
      "integrity": "sha1-V0GmcLfJBgzgaFLABR2Ec2+5Ttw=",
      "dev": true,
      "license": "Apache-2.0",
      "bin": {
        "playwright-core": "cli.js"
      },
      "engines": {
        "node": ">=18"
      }
    },
    "node_modules/undici-types": {
      "version": "5.26.5",
      "resolved": "https://artifactory.therapbd.net:443/artifactory/api/npm/npm-repos/undici-types/-/undici-types-5.26.5.tgz",
      "integrity": "sha1-vNU5iT0AtW6WT9JlekhmsiGmVhc=",
      "dev": true,
      "license": "MIT"
    }
  }
}
